
Microsoft Visual Studio Solution File, Format Version 11.00
# Visual C# Express 2010
Project("{FAE04EC0-301F-11D3-BF4B-00C04F79EFBC}") = "Clicker", "Clicker\Clicker.csproj", "{FCAFD765-1BAA-4B4B-9FB6-B20BFC19752A}"
EndProject
Global
	GlobalSection(SolutionConfigurationPlatforms) = preSolution
		Debug|Any CPU = Debug|Any CPU
		Release|Any CPU = Release|Any CPU
	EndGlobalSection
	GlobalSection(ProjectConfigurationPlatforms) = postSolution
		{FCAFD765-1BAA-4B4B-9FB6-B20BFC19752A}.Debug|Any CPU.ActiveCfg = Debug|Any CPU
		{FCAFD765-1BAA-4B4B-9FB6-B20BFC19752A}.Debug|Any CPU.Build.0 = Debug|Any CPU
		{FCAFD765-1BAA-4B4B-9FB6-B20BFC19752A}.Release|Any CPU.ActiveCfg = Release|Any CPU
		{FCAFD765-1BAA-4B4B-9FB6-B20BFC19752A}.Release|Any CPU.Build.0 = Release|Any CPU
	EndGlobalSection
	GlobalSection(SolutionProperties) = preSolution
		HideSolutionNode = FALSE
	EndGlobalSection
EndGlobal
